
Microsoft Visual Studio Solution File, Format Version 12.00
# Visual Studio Version 17
VisualStudioVersion = 17.1.32210.238
MinimumVisualStudioVersion = 10.0.40219.1
Project("{9A19103F-16F7-4668-BE54-9A1E7A4F7556}") = "Lab1_ex1", "Лаболаторные\Lab1_ex1.csproj", "{C3F22D61-C660-42C7-BA80-2253EEBF0C13}"
EndProject
Project("{9A19103F-16F7-4668-BE54-9A1E7A4F7556}") = "Lab1_ex2", "Lab1_ex2\Lab1_ex2.csproj", "{886BB761-309D-4C92-8D98-1D5FD0D66488}"
EndProject
Project("{9A19103F-16F7-4668-BE54-9A1E7A4F7556}") = "Lab1_ex3", "Lab1_ex3\Lab1_ex3.csproj", "{3C407FFE-731A-4B75-BFF8-2B1DAFC639F5}"
EndProject
Project("{9A19103F-16F7-4668-BE54-9A1E7A4F7556}") = "Lab2_ex1", "Lab2_ex1\Lab2_ex1.csproj", "{C171E85D-766C-462B-9A7E-58F161939D77}"
EndProject
Project("{9A19103F-16F7-4668-BE54-9A1E7A4F7556}") = "Lab2_Ex2", "Lab2_Ex2\Lab2_Ex2.csproj", "{1971E415-0938-4FC9-ACA5-CC23AF0AA925}"
EndProject
Project("{9A19103F-16F7-4668-BE54-9A1E7A4F7556}") = "Lab2_ex3", "Lab2_ex3\Lab2_ex3.csproj", "{4AD6A1FC-851C-42F0-B149-E06316478814}"
EndProject
Project("{9A19103F-16F7-4668-BE54-9A1E7A4F7556}") = "Lab2_ex4", "Lab2_ex4\Lab2_ex4.csproj", "{2D406DC1-5F88-481E-8356-4CB602870FC1}"
EndProject
Project("{9A19103F-16F7-4668-BE54-9A1E7A4F7556}") = "Lab2_ex5", "Lab2_ex5\Lab2_ex5.csproj", "{BF1B81EF-F2B4-4AB8-BC9B-F144B424F9C6}"
EndProject
Project("{9A19103F-16F7-4668-BE54-9A1E7A4F7556}") = "Lab3_ex1", "Lab3_ex1\Lab3_ex1.csproj", "{C4DD1D90-077E-425E-8938-5A8D96E7E493}"
EndProject
Project("{9A19103F-16F7-4668-BE54-9A1E7A4F7556}") = "Lab3_ex2", "Lab3_ex2\Lab3_ex2.csproj", "{1BF1ECD8-21AF-4FA4-A94D-467239932ED3}"
EndProject
Project("{9A19103F-16F7-4668-BE54-9A1E7A4F7556}") = "Lab3_ex3", "Lab3_ex3\Lab3_ex3.csproj", "{5EFC3325-EE9E-4163-8C81-E561E4358212}"
EndProject
Project("{9A19103F-16F7-4668-BE54-9A1E7A4F7556}") = "Lab3_ex4", "Lab3_ex4\Lab3_ex4.csproj", "{3F5E5ACD-A590-4930-947E-B56CB8053D9E}"
EndProject
Project("{9A19103F-16F7-4668-BE54-9A1E7A4F7556}") = "Lab3_ex5", "Lab4_ex5\Lab3_ex5.csproj", "{F2E986A2-B653-4784-903D-0AEFB093D115}"
EndProject
Project("{9A19103F-16F7-4668-BE54-9A1E7A4F7556}") = "Lab4_ex1", "Lab4_ex1\Lab4_ex1.csproj", "{463437BB-4B31-4AB9-A365-F49E500292AD}"
EndProject
Project("{9A19103F-16F7-4668-BE54-9A1E7A4F7556}") = "Lab4_ex2", "Lab4_ex2\Lab4_ex2.csproj", "{4A437F86-39A9-4CDF-95EC-1DC032C97839}"
EndProject
Project("{9A19103F-16F7-4668-BE54-9A1E7A4F7556}") = "Lab4_Ex3", "Lab4_Ex3\Lab4_Ex3.csproj", "{BAE7FB04-CC74-4B1E-AF80-B1B23C49482C}"
EndProject
Project("{FAE04EC0-301F-11D3-BF4B-00C04F79EFBC}") = "Lab4_ex4", "Lab4_ex4\Lab4_ex4.csproj", "{C8A1CFD2-AAEE-4FF8-8BDA-858D3C0976C1}"
EndProject
Project("{FAE04EC0-301F-11D3-BF4B-00C04F79EFBC}") = "Lab5_ex1", "Lab5_ex1\Lab5_ex1.csproj", "{3F371EB2-7302-4DE4-9FB5-F460B1256746}"
EndProject
Global
	GlobalSection(SolutionConfigurationPlatforms) = preSolution
		Debug|Any CPU = Debug|Any CPU
		Release|Any CPU = Release|Any CPU
	EndGlobalSection
	GlobalSection(ProjectConfigurationPlatforms) = postSolution
		{C3F22D61-C660-42C7-BA80-2253EEBF0C13}.Debug|Any CPU.ActiveCfg = Debug|Any CPU
		{C3F22D61-C660-42C7-BA80-2253EEBF0C13}.Debug|Any CPU.Build.0 = Debug|Any CPU
		{C3F22D61-C660-42C7-BA80-2253EEBF0C13}.Release|Any CPU.ActiveCfg = Release|Any CPU
		{C3F22D61-C660-42C7-BA80-2253EEBF0C13}.Release|Any CPU.Build.0 = Release|Any CPU
		{886BB761-309D-4C92-8D98-1D5FD0D66488}.Debug|Any CPU.ActiveCfg = Debug|Any CPU
		{886BB761-309D-4C92-8D98-1D5FD0D66488}.Debug|Any CPU.Build.0 = Debug|Any CPU
		{886BB761-309D-4C92-8D98-1D5FD0D66488}.Release|Any CPU.ActiveCfg = Release|Any CPU
		{886BB761-309D-4C92-8D98-1D5FD0D66488}.Release|Any CPU.Build.0 = Release|Any CPU
		{3C407FFE-731A-4B75-BFF8-2B1DAFC639F5}.Debug|Any CPU.ActiveCfg = Debug|Any CPU
		{3C407FFE-731A-4B75-BFF8-2B1DAFC639F5}.Debug|Any CPU.Build.0 = Debug|Any CPU
		{3C407FFE-731A-4B75-BFF8-2B1DAFC639F5}.Release|Any CPU.ActiveCfg = Release|Any CPU
		{3C407FFE-731A-4B75-BFF8-2B1DAFC639F5}.Release|Any CPU.Build.0 = Release|Any CPU
		{C171E85D-766C-462B-9A7E-58F161939D77}.Debug|Any CPU.ActiveCfg = Debug|Any CPU
		{C171E85D-766C-462B-9A7E-58F161939D77}.Debug|Any CPU.Build.0 = Debug|Any CPU
		{C171E85D-766C-462B-9A7E-58F161939D77}.Release|Any CPU.ActiveCfg = Release|Any CPU
		{C171E85D-766C-462B-9A7E-58F161939D77}.Release|Any CPU.Build.0 = Release|Any CPU
		{1971E415-0938-4FC9-ACA5-CC23AF0AA925}.Debug|Any CPU.ActiveCfg = Debug|Any CPU
		{1971E415-0938-4FC9-ACA5-CC23AF0AA925}.Debug|Any CPU.Build.0 = Debug|Any CPU
		{1971E415-0938-4FC9-ACA5-CC23AF0AA925}.Release|Any CPU.ActiveCfg = Release|Any CPU
		{1971E415-0938-4FC9-ACA5-CC23AF0AA925}.Release|Any CPU.Build.0 = Release|Any CPU
		{4AD6A1FC-851C-42F0-B149-E06316478814}.Debug|Any CPU.ActiveCfg = Debug|Any CPU
		{4AD6A1FC-851C-42F0-B149-E06316478814}.Debug|Any CPU.Build.0 = Debug|Any CPU
		{4AD6A1FC-851C-42F0-B149-E06316478814}.Release|Any CPU.ActiveCfg = Release|Any CPU
		{4AD6A1FC-851C-42F0-B149-E06316478814}.Release|Any CPU.Build.0 = Release|Any CPU
		{2D406DC1-5F88-481E-8356-4CB602870FC1}.Debug|Any CPU.ActiveCfg = Debug|Any CPU
		{2D406DC1-5F88-481E-8356-4CB602870FC1}.Debug|Any CPU.Build.0 = Debug|Any CPU
		{2D406DC1-5F88-481E-8356-4CB602870FC1}.Release|Any CPU.ActiveCfg = Release|Any CPU
		{2D406DC1-5F88-481E-8356-4CB602870FC1}.Release|Any CPU.Build.0 = Release|Any CPU
		{BF1B81EF-F2B4-4AB8-BC9B-F144B424F9C6}.Debug|Any CPU.ActiveCfg = Debug|Any CPU
		{BF1B81EF-F2B4-4AB8-BC9B-F144B424F9C6}.Debug|Any CPU.Build.0 = Debug|Any CPU
		{BF1B81EF-F2B4-4AB8-BC9B-F144B424F9C6}.Release|Any CPU.ActiveCfg = Release|Any CPU
		{BF1B81EF-F2B4-4AB8-BC9B-F144B424F9C6}.Release|Any CPU.Build.0 = Release|Any CPU
		{C4DD1D90-077E-425E-8938-5A8D96E7E493}.Debug|Any CPU.ActiveCfg = Debug|Any CPU
		{C4DD1D90-077E-425E-8938-5A8D96E7E493}.Debug|Any CPU.Build.0 = Debug|Any CPU
		{C4DD1D90-077E-425E-8938-5A8D96E7E493}.Release|Any CPU.ActiveCfg = Release|Any CPU
		{C4DD1D90-077E-425E-8938-5A8D96E7E493}.Release|Any CPU.Build.0 = Release|Any CPU
		{1BF1ECD8-21AF-4FA4-A94D-467239932ED3}.Debug|Any CPU.ActiveCfg = Debug|Any CPU
		{1BF1ECD8-21AF-4FA4-A94D-467239932ED3}.Debug|Any CPU.Build.0 = Debug|Any CPU
		{1BF1ECD8-21AF-4FA4-A94D-467239932ED3}.Release|Any CPU.ActiveCfg = Release|Any CPU
		{1BF1ECD8-21AF-4FA4-A94D-467239932ED3}.Release|Any CPU.Build.0 = Release|Any CPU
		{5EFC3325-EE9E-4163-8C81-E561E4358212}.Debug|Any CPU.ActiveCfg = Debug|Any CPU
		{5EFC3325-EE9E-4163-8C81-E561E4358212}.Debug|Any CPU.Build.0 = Debug|Any CPU
		{5EFC3325-EE9E-4163-8C81-E561E4358212}.Release|Any CPU.ActiveCfg = Release|Any CPU
		{5EFC3325-EE9E-4163-8C81-E561E4358212}.Release|Any CPU.Build.0 = Release|Any CPU
		{3F5E5ACD-A590-4930-947E-B56CB8053D9E}.Debug|Any CPU.ActiveCfg = Debug|Any CPU
		{3F5E5ACD-A590-4930-947E-B56CB8053D9E}.Debug|Any CPU.Build.0 = Debug|Any CPU
		{3F5E5ACD-A590-4930-947E-B56CB8053D9E}.Release|Any CPU.ActiveCfg = Release|Any CPU
		{3F5E5ACD-A590-4930-947E-B56CB8053D9E}.Release|Any CPU.Build.0 = Release|Any CPU
		{F2E986A2-B653-4784-903D-0AEFB093D115}.Debug|Any CPU.ActiveCfg = Debug|Any CPU
		{F2E986A2-B653-4784-903D-0AEFB093D115}.Debug|Any CPU.Build.0 = Debug|Any CPU
		{F2E986A2-B653-4784-903D-0AEFB093D115}.Release|Any CPU.ActiveCfg = Release|Any CPU
		{F2E986A2-B653-4784-903D-0AEFB093D115}.Release|Any CPU.Build.0 = Release|Any CPU
		{463437BB-4B31-4AB9-A365-F49E500292AD}.Debug|Any CPU.ActiveCfg = Debug|Any CPU
		{463437BB-4B31-4AB9-A365-F49E500292AD}.Debug|Any CPU.Build.0 = Debug|Any CPU
		{463437BB-4B31-4AB9-A365-F49E500292AD}.Release|Any CPU.ActiveCfg = Release|Any CPU
		{463437BB-4B31-4AB9-A365-F49E500292AD}.Release|Any CPU.Build.0 = Release|Any CPU
		{4A437F86-39A9-4CDF-95EC-1DC032C97839}.Debug|Any CPU.ActiveCfg = Debug|Any CPU
		{4A437F86-39A9-4CDF-95EC-1DC032C97839}.Debug|Any CPU.Build.0 = Debug|Any CPU
		{4A437F86-39A9-4CDF-95EC-1DC032C97839}.Release|Any CPU.ActiveCfg = Release|Any CPU
		{4A437F86-39A9-4CDF-95EC-1DC032C97839}.Release|Any CPU.Build.0 = Release|Any CPU
		{BAE7FB04-CC74-4B1E-AF80-B1B23C49482C}.Debug|Any CPU.ActiveCfg = Debug|Any CPU
		{BAE7FB04-CC74-4B1E-AF80-B1B23C49482C}.Debug|Any CPU.Build.0 = Debug|Any CPU
		{BAE7FB04-CC74-4B1E-AF80-B1B23C49482C}.Release|Any CPU.ActiveCfg = Release|Any CPU
		{BAE7FB04-CC74-4B1E-AF80-B1B23C49482C}.Release|Any CPU.Build.0 = Release|Any CPU
		{C8A1CFD2-AAEE-4FF8-8BDA-858D3C0976C1}.Debug|Any CPU.ActiveCfg = Debug|Any CPU
		{C8A1CFD2-AAEE-4FF8-8BDA-858D3C0976C1}.Debug|Any CPU.Build.0 = Debug|Any CPU
		{C8A1CFD2-AAEE-4FF8-8BDA-858D3C0976C1}.Release|Any CPU.ActiveCfg = Release|Any CPU
		{C8A1CFD2-AAEE-4FF8-8BDA-858D3C0976C1}.Release|Any CPU.Build.0 = Release|Any CPU
		{3F371EB2-7302-4DE4-9FB5-F460B1256746}.Debug|Any CPU.ActiveCfg = Debug|Any CPU
		{3F371EB2-7302-4DE4-9FB5-F460B1256746}.Debug|Any CPU.Build.0 = Debug|Any CPU
		{3F371EB2-7302-4DE4-9FB5-F460B1256746}.Release|Any CPU.ActiveCfg = Release|Any CPU
		{3F371EB2-7302-4DE4-9FB5-F460B1256746}.Release|Any CPU.Build.0 = Release|Any CPU
	EndGlobalSection
	GlobalSection(SolutionProperties) = preSolution
		HideSolutionNode = FALSE
	EndGlobalSection
	GlobalSection(ExtensibilityGlobals) = postSolution
		SolutionGuid = {CFB54A76-7713-4598-8410-574BAD56BF17}
	EndGlobalSection
EndGlobal
